<?xml version="1.0" encoding="utf-8"?>
<Project ToolsVersion="4.0" xmlns="http://schemas.microsoft.com/developer/msbuild/2003">
  <ItemGroup>
    <Filter Include="ソース ファイル">
      <UniqueIdentifier>{4FC737F1-C7A5-4376-A066-2A32D752A2FF}</UniqueIdentifier>
      <Extensions>cpp;c;cc;cxx;c++;cppm;ixx;def;odl;idl;hpj;bat;asm;asmx</Extensions>
    </Filter>
    <Filter Include="ヘッダー ファイル">
      <UniqueIdentifier>{93995380-89BD-4b04-88EB-625FBE52EBFB}</UniqueIdentifier>
      <Extensions>h;hh;hpp;hxx;h++;hm;inl;inc;ipp;xsd</Extensions>
    </Filter>
    <Filter Include="シェーダーファイル">
      <UniqueIdentifier>{0f2739e7-0e35-46b1-b48e-b84138f13802}</UniqueIdentifier>
    </Filter>
    <Filter Include="シェーダーファイル\Basic">
      <UniqueIdentifier>{2d713744-e68c-49eb-a7d5-d8c39d90851b}</UniqueIdentifier>
    </Filter>
    <Filter Include="シェーダーファイル\FBX">
      <UniqueIdentifier>{bb64d4dd-e511-4941-8f73-007c9f712399}</UniqueIdentifier>
    </Filter>
    <Filter Include="imgui">
      <UniqueIdentifier>{a35860e3-991c-4210-aeca-babf4ba2a149}</UniqueIdentifier>
    </Filter>
    <Filter Include="ソース ファイル\engin">
      <UniqueIdentifier>{e60812d6-a8b3-42d5-8e28-2782a4055870}</UniqueIdentifier>
    </Filter>
    <Filter Include="ソース ファイル\app">
      <UniqueIdentifier>{4b0f03f9-101d-4f97-9303-3d1c8d6fdf7a}</UniqueIdentifier>
    </Filter>
    <Filter Include="ヘッダー ファイル\engin">
      <UniqueIdentifier>{fd9d90e5-2820-4497-91b3-f91413b350d7}</UniqueIdentifier>
    </Filter>
    <Filter Include="ヘッダー ファイル\app">
      <UniqueIdentifier>{a40d66de-4c54-4693-89f5-366bc1d881b0}</UniqueIdentifier>
    </Filter>
    <Filter Include="ヘッダー ファイル\app\actor">
      <UniqueIdentifier>{9a79c865-6474-4a1a-8a3c-b4c55a56edda}</UniqueIdentifier>
    </Filter>
    <Filter Include="ヘッダー ファイル\engin\math">
      <UniqueIdentifier>{2e8a7d2b-ba35-4512-9ffa-c20a0a2b4aa8}</UniqueIdentifier>
    </Filter>
    <Filter Include="ヘッダー ファイル\engin\general">
      <UniqueIdentifier>{484ed773-a3d9-4f5b-a45d-476c84f59475}</UniqueIdentifier>
    </Filter>
    <Filter Include="ヘッダー ファイル\engin\base">
      <UniqueIdentifier>{0f41e774-beff-44d6-8140-a5cd8377dfca}</UniqueIdentifier>
    </Filter>
    <Filter Include="ヘッダー ファイル\engin\3DObject">
      <UniqueIdentifier>{5b50282c-3385-487a-9d61-10fa512448c1}</UniqueIdentifier>
    </Filter>
    <Filter Include="ヘッダー ファイル\app\Scene">
      <UniqueIdentifier>{b6006756-3a6b-4a2f-b026-16179e40998f}</UniqueIdentifier>
    </Filter>
    <Filter Include="ソース ファイル\app\Scene">
      <UniqueIdentifier>{daa65e51-36ff-416a-8fb5-003811abc84f}</UniqueIdentifier>
    </Filter>
    <Filter Include="ソース ファイル\app\actor">
      <UniqueIdentifier>{2160614a-d08d-4867-82c2-224c436e96a1}</UniqueIdentifier>
    </Filter>
    <Filter Include="ソース ファイル\engin\math">
      <UniqueIdentifier>{9d23d376-a8bb-4c7a-9e01-0b6259744171}</UniqueIdentifier>
    </Filter>
    <Filter Include="ソース ファイル\engin\general">
      <UniqueIdentifier>{c21ed642-3376-42c5-ba6c-82cd336e87d6}</UniqueIdentifier>
    </Filter>
    <Filter Include="ソース ファイル\engin\base">
      <UniqueIdentifier>{d95e8d0e-56da-45ff-8326-17da4b79ab64}</UniqueIdentifier>
    </Filter>
    <Filter Include="ソース ファイル\engin\3DObject">
      <UniqueIdentifier>{780b877e-b862-4a7f-988a-51decd625dd9}</UniqueIdentifier>
    </Filter>
    <Filter Include="ヘッダー ファイル\engin\general\hidapi">
      <UniqueIdentifier>{2ab9405b-a0dd-4277-b0f4-c96a9ec2ab75}</UniqueIdentifier>
    </Filter>
    <Filter Include="シェーダーファイル\Sprite">
      <UniqueIdentifier>{978919eb-8857-4d4a-b2ca-9e6c3ee07634}</UniqueIdentifier>
    </Filter>
    <Filter Include="ソース ファイル\app\Particle">
      <UniqueIdentifier>{894f276a-1abd-4661-afd3-74db0cd4a48a}</UniqueIdentifier>
    </Filter>
    <Filter Include="ヘッダー ファイル\app\Particle">
      <UniqueIdentifier>{d704e6a2-06ab-4406-96af-eaae5097f3d9}</UniqueIdentifier>
    </Filter>
    <Filter Include="シェーダーファイル\Geometory">
      <UniqueIdentifier>{dbc80a87-8d0f-4890-8303-b861b3a862c8}</UniqueIdentifier>
    </Filter>
    <Filter Include="ソース ファイル\Joycon">
      <UniqueIdentifier>{7ffb388c-2d18-4bd0-b17f-4bfe2c9b8aed}</UniqueIdentifier>
    </Filter>
    <Filter Include="ソース ファイル\engin\collision">
      <UniqueIdentifier>{0b9f3cbf-7cf5-463b-bf21-ed8b39cc9e6f}</UniqueIdentifier>
    </Filter>
    <Filter Include="ヘッダー ファイル\engin\collision">
      <UniqueIdentifier>{f364e646-214f-4619-a7bb-d5deea1bbc7a}</UniqueIdentifier>
    </Filter>
    <Filter Include="ソース ファイル\engin\2DObject">
      <UniqueIdentifier>{21764e2d-b619-4e8f-80b1-abbe48204c77}</UniqueIdentifier>
    </Filter>
    <Filter Include="ヘッダー ファイル\engin\2DObject">
      <UniqueIdentifier>{c4328cd1-ca71-4ba8-8360-f2e226b7d5e6}</UniqueIdentifier>
    </Filter>
  </ItemGroup>
  <ItemGroup>
    <ClCompile Include="Application.cpp">
      <Filter>ソース ファイル\engin\base</Filter>
    </ClCompile>
    <ClCompile Include="DirectXCommon.cpp">
      <Filter>ソース ファイル\engin\base</Filter>
    </ClCompile>
    <ClCompile Include="main.cpp">
      <Filter>ソース ファイル\engin\base</Filter>
    </ClCompile>
    <ClCompile Include="WinApp.cpp">
      <Filter>ソース ファイル\engin\base</Filter>
    </ClCompile>
    <ClCompile Include="imgui\imgui.cpp">
      <Filter>imgui</Filter>
    </ClCompile>
    <ClCompile Include="imgui\imgui_demo.cpp">
      <Filter>imgui</Filter>
    </ClCompile>
    <ClCompile Include="imgui\imgui_draw.cpp">
      <Filter>imgui</Filter>
    </ClCompile>
    <ClCompile Include="imgui\imgui_impl_dx12.cpp">
      <Filter>imgui</Filter>
    </ClCompile>
    <ClCompile Include="imgui\imgui_impl_win32.cpp">
      <Filter>imgui</Filter>
    </ClCompile>
    <ClCompile Include="imgui\imgui_widgets.cpp">
      <Filter>imgui</Filter>
    </ClCompile>
    <ClCompile Include="3d\FbxLoader.cpp">
      <Filter>ソース ファイル\engin\3DObject</Filter>
    </ClCompile>
    <ClCompile Include="3d\Model.cpp">
      <Filter>ソース ファイル\engin\3DObject</Filter>
    </ClCompile>
    <ClCompile Include="3d\Object3d.cpp">
      <Filter>ソース ファイル\engin\3DObject</Filter>
    </ClCompile>
    <ClCompile Include="general\FPSManager.cpp">
      <Filter>ソース ファイル\engin\general</Filter>
    </ClCompile>
    <ClCompile Include="general\imGuiDevice.cpp">
      <Filter>ソース ファイル\engin\general</Filter>
    </ClCompile>
    <ClCompile Include="general\Input.cpp">
      <Filter>ソース ファイル\engin\general</Filter>
    </ClCompile>
    <ClCompile Include="general\Sound.cpp">
      <Filter>ソース ファイル\engin\general</Filter>
    </ClCompile>
    <ClCompile Include="general\XAudio2VoiceCallBack.cpp">
      <Filter>ソース ファイル\engin\general</Filter>
    </ClCompile>
    <ClCompile Include="math\Vector2.cpp">
      <Filter>ソース ファイル\engin\math</Filter>
    </ClCompile>
    <ClCompile Include="math\Vector3.cpp">
      <Filter>ソース ファイル\engin\math</Filter>
    </ClCompile>
    <ClCompile Include="scene\SceneManager.cpp">
      <Filter>ソース ファイル\app\Scene</Filter>
    </ClCompile>
    <ClCompile Include="hidapi\hid.c">
      <Filter>ヘッダー ファイル\engin\general\hidapi</Filter>
    </ClCompile>
    <ClCompile Include="math\Vector4.cpp">
      <Filter>ソース ファイル\engin\math</Filter>
    </ClCompile>
    <ClCompile Include="general\General.cpp">
      <Filter>ソース ファイル\engin\general</Filter>
    </ClCompile>
    <ClCompile Include="GameObject\GameObject.cpp">
      <Filter>ソース ファイル\app\actor</Filter>
    </ClCompile>
    <ClCompile Include="GameObject\GameObjectManager.cpp">
      <Filter>ソース ファイル\app\actor</Filter>
    </ClCompile>
    <ClCompile Include="Particle\ParticleEmitter.cpp">
      <Filter>ソース ファイル\app\Particle</Filter>
    </ClCompile>
    <ClCompile Include="Particle\ParticleManager.cpp">
      <Filter>ソース ファイル\app\Particle</Filter>
    </ClCompile>
    <ClCompile Include="Particle\ParticleObj.cpp">
      <Filter>ソース ファイル\app\Particle</Filter>
    </ClCompile>
    <ClCompile Include="general\Random.cpp">
      <Filter>ソース ファイル\engin\general</Filter>
    </ClCompile>
    <ClCompile Include="Particle\DefaultGeometryParticle.cpp">
      <Filter>ソース ファイル\app\Particle</Filter>
    </ClCompile>
    <ClCompile Include="Particle\GeometoryObject3D.cpp">
      <Filter>ソース ファイル\app\Particle</Filter>
    </ClCompile>
    <ClCompile Include="ResourceShader.cpp">
      <Filter>ソース ファイル\engin\general</Filter>
    </ClCompile>
    <ClCompile Include="actor\BackGround.cpp">
      <Filter>ソース ファイル\app\actor</Filter>
    </ClCompile>
    <ClCompile Include="actor\Player.cpp">
      <Filter>ソース ファイル\app\actor</Filter>
    </ClCompile>
    <ClCompile Include="actor\Target.cpp">
      <Filter>ソース ファイル\app\actor</Filter>
    </ClCompile>
    <ClCompile Include="scene\Title.cpp">
      <Filter>ソース ファイル\app\Scene</Filter>
    </ClCompile>
    <ClCompile Include="scene\Play.cpp">
      <Filter>ソース ファイル\app\Scene</Filter>
    </ClCompile>
    <ClCompile Include="camera\Camera.cpp">
      <Filter>ソース ファイル\engin\3DObject</Filter>
    </ClCompile>
    <ClCompile Include="general\_StringFormat.cpp">
      <Filter>ソース ファイル\engin\general</Filter>
    </ClCompile>
    <ClCompile Include="collision\Collision.cpp">
      <Filter>ソース ファイル\engin\collision</Filter>
    </ClCompile>
    <ClCompile Include="collision\CollisionPrimitive.cpp">
      <Filter>ソース ファイル\engin\collision</Filter>
    </ClCompile>
    <ClCompile Include="2d\Object2d.cpp">
      <Filter>ソース ファイル\engin\2DObject</Filter>
    </ClCompile>
    <ClCompile Include="2d\Texture.cpp">
      <Filter>ソース ファイル\engin\2DObject</Filter>
    </ClCompile>
    <ClCompile Include="Joycon\Joycon.cpp">
      <Filter>ソース ファイル\Joycon</Filter>
    </ClCompile>
    <ClCompile Include="Joycon\JoyconManager.cpp">
      <Filter>ソース ファイル\Joycon</Filter>
    </ClCompile>
    <ClCompile Include="actor\JoyconTest.cpp">
      <Filter>ソース ファイル\Joycon</Filter>
    </ClCompile>
    <ClCompile Include="Particle\HomingGeometryParticle.cpp">
      <Filter>ソース ファイル\app\Particle</Filter>
    </ClCompile>
  </ItemGroup>
  <ItemGroup>
    <ClInclude Include="Application.h">
      <Filter>ヘッダー ファイル\engin\base</Filter>
    </ClInclude>
    <ClInclude Include="DirectXCommon.h">
      <Filter>ヘッダー ファイル\engin\base</Filter>
    </ClInclude>
    <ClInclude Include="WinApp.h">
      <Filter>ヘッダー ファイル\engin\base</Filter>
    </ClInclude>
    <ClInclude Include="imgui\imconfig.h">
      <Filter>imgui</Filter>
    </ClInclude>
    <ClInclude Include="imgui\imgui.h">
      <Filter>imgui</Filter>
    </ClInclude>
    <ClInclude Include="imgui\imgui_impl_dx12.h">
      <Filter>imgui</Filter>
    </ClInclude>
    <ClInclude Include="imgui\imgui_impl_win32.h">
      <Filter>imgui</Filter>
    </ClInclude>
    <ClInclude Include="imgui\imgui_internal.h">
      <Filter>imgui</Filter>
    </ClInclude>
    <ClInclude Include="imgui\imstb_rectpack.h">
      <Filter>imgui</Filter>
    </ClInclude>
    <ClInclude Include="imgui\imstb_textedit.h">
      <Filter>imgui</Filter>
    </ClInclude>
    <ClInclude Include="imgui\imstb_truetype.h">
      <Filter>imgui</Filter>
    </ClInclude>
    <ClInclude Include="3d\FbxLoader.h">
      <Filter>ヘッダー ファイル\engin\3DObject</Filter>
    </ClInclude>
    <ClInclude Include="3d\Model.h">
      <Filter>ヘッダー ファイル\engin\3DObject</Filter>
    </ClInclude>
    <ClInclude Include="3d\Object3d.h">
      <Filter>ヘッダー ファイル\engin\3DObject</Filter>
    </ClInclude>
    <ClInclude Include="general\FPSManager.h">
      <Filter>ヘッダー ファイル\engin\general</Filter>
    </ClInclude>
    <ClInclude Include="general\imGuiDevice.h">
      <Filter>ヘッダー ファイル\engin\general</Filter>
    </ClInclude>
    <ClInclude Include="general\Input.h">
      <Filter>ヘッダー ファイル\engin\general</Filter>
    </ClInclude>
    <ClInclude Include="general\Sound.h">
      <Filter>ヘッダー ファイル\engin\general</Filter>
    </ClInclude>
    <ClInclude Include="general\XAudio2VoiceCallBack.h">
      <Filter>ヘッダー ファイル\engin\general</Filter>
    </ClInclude>
    <ClInclude Include="math\Vector2.h">
      <Filter>ヘッダー ファイル\engin\math</Filter>
    </ClInclude>
    <ClInclude Include="math\Vector3.h">
      <Filter>ヘッダー ファイル\engin\math</Filter>
    </ClInclude>
    <ClInclude Include="scene\Scene.h">
      <Filter>ヘッダー ファイル\app\Scene</Filter>
    </ClInclude>
    <ClInclude Include="scene\SceneManager.h">
      <Filter>ヘッダー ファイル\app\Scene</Filter>
    </ClInclude>
    <ClInclude Include="hidapi\hidapi.h">
      <Filter>ヘッダー ファイル\engin\general\hidapi</Filter>
    </ClInclude>
    <ClInclude Include="math\Vector4.h">
      <Filter>ヘッダー ファイル\engin\math</Filter>
    </ClInclude>
    <ClInclude Include="general\General.h">
      <Filter>ヘッダー ファイル\engin\general</Filter>
    </ClInclude>
    <ClInclude Include="GameObject\GameObject.h">
      <Filter>ヘッダー ファイル\app\actor</Filter>
    </ClInclude>
    <ClInclude Include="GameObject\GameObjectManager.h">
      <Filter>ヘッダー ファイル\app\actor</Filter>
    </ClInclude>
    <ClInclude Include="general\Random.h">
      <Filter>ヘッダー ファイル\engin\general</Filter>
    </ClInclude>
    <ClInclude Include="ResourceShader.h">
      <Filter>ヘッダー ファイル\engin\general</Filter>
    </ClInclude>
    <ClInclude Include="Particle\DefaultGeometryParticle.h">
      <Filter>ヘッダー ファイル\app\Particle</Filter>
    </ClInclude>
    <ClInclude Include="Particle\GeometoryObject3D.h">
      <Filter>ヘッダー ファイル\app\Particle</Filter>
    </ClInclude>
    <ClInclude Include="Particle\ParticleBase.h">
      <Filter>ヘッダー ファイル\app\Particle</Filter>
    </ClInclude>
    <ClInclude Include="Particle\ParticleEmitter.h">
      <Filter>ヘッダー ファイル\app\Particle</Filter>
    </ClInclude>
    <ClInclude Include="Particle\ParticleManager.h">
      <Filter>ヘッダー ファイル\app\Particle</Filter>
    </ClInclude>
    <ClInclude Include="Particle\ParticleObj.h">
      <Filter>ヘッダー ファイル\app\Particle</Filter>
    </ClInclude>
    <ClInclude Include="Particle\ParticleParam.h">
      <Filter>ヘッダー ファイル\app\Particle</Filter>
    </ClInclude>
    <ClInclude Include="actor\BackGround.h">
      <Filter>ヘッダー ファイル\app\actor</Filter>
    </ClInclude>
    <ClInclude Include="actor\Player.h">
      <Filter>ヘッダー ファイル\app\actor</Filter>
    </ClInclude>
    <ClInclude Include="actor\Target.h">
      <Filter>ヘッダー ファイル\app\actor</Filter>
    </ClInclude>
    <ClInclude Include="scene\Play.h">
      <Filter>ヘッダー ファイル\app\Scene</Filter>
    </ClInclude>
    <ClInclude Include="scene\Title.h">
      <Filter>ヘッダー ファイル\app\Scene</Filter>
    </ClInclude>
    <ClInclude Include="camera\Camera.h">
      <Filter>ヘッダー ファイル\engin\3DObject</Filter>
    </ClInclude>
    <ClInclude Include="general\Memo.h">
      <Filter>ヘッダー ファイル</Filter>
    </ClInclude>
    <ClInclude Include="general\_StringFormat.h">
      <Filter>ヘッダー ファイル\engin\general</Filter>
    </ClInclude>
    <ClInclude Include="collision\Collision.h">
      <Filter>ヘッダー ファイル\engin\collision</Filter>
    </ClInclude>
    <ClInclude Include="collision\CollisionPrimitive.h">
      <Filter>ヘッダー ファイル\engin\collision</Filter>
    </ClInclude>
    <ClInclude Include="2d\Object2d.h">
      <Filter>ヘッダー ファイル\engin\2DObject</Filter>
    </ClInclude>
    <ClInclude Include="2d\Texture.h">
      <Filter>ヘッダー ファイル\engin\2DObject</Filter>
    </ClInclude>
    <ClInclude Include="Joycon\Joycon.h">
      <Filter>ソース ファイル\Joycon</Filter>
    </ClInclude>
    <ClInclude Include="Joycon\JoyconManager.h">
      <Filter>ソース ファイル\Joycon</Filter>
    </ClInclude>
    <ClInclude Include="actor\JoyconTest.h">
      <Filter>ソース ファイル\Joycon</Filter>
    </ClInclude>
    <ClInclude Include="Particle\HomingGeometryParticle.h">
      <Filter>ヘッダー ファイル\app\Particle</Filter>
    </ClInclude>
  </ItemGroup>
  <ItemGroup>
    <FxCompile Include="Resources\shader\FBX\FBXVS.hlsl">
      <Filter>シェーダーファイル\FBX</Filter>
    </FxCompile>
    <FxCompile Include="Resources\shader\FBX\FBXPS.hlsl">
      <Filter>シェーダーファイル\FBX</Filter>
    </FxCompile>
    <FxCompile Include="Resources\shader\Basic\BasicPS.hlsl">
      <Filter>シェーダーファイル\Basic</Filter>
    </FxCompile>
    <FxCompile Include="Resources\shader\Basic\BasicVS.hlsl">
      <Filter>シェーダーファイル\Basic</Filter>
    </FxCompile>
    <FxCompile Include="Resources\shader\Sprite\SpritePixelShader.hlsl">
      <Filter>シェーダーファイル\Sprite</Filter>
    </FxCompile>
    <FxCompile Include="Resources\shader\Sprite\SpriteVertexShader.hlsl">
      <Filter>シェーダーファイル\Sprite</Filter>
    </FxCompile>
    <FxCompile Include="Resources\shader\Geometory\CubeGS.hlsl">
      <Filter>シェーダーファイル\Geometory</Filter>
    </FxCompile>
    <FxCompile Include="Resources\shader\Geometory\CubePS.hlsl">
      <Filter>シェーダーファイル\Geometory</Filter>
    </FxCompile>
    <FxCompile Include="Resources\shader\Geometory\ParticleVS.hlsl">
      <Filter>シェーダーファイル\Geometory</Filter>
    </FxCompile>
    <FxCompile Include="Resources\shader\Geometory\QuadGS.hlsl">
      <Filter>シェーダーファイル\Geometory</Filter>
    </FxCompile>
    <FxCompile Include="Resources\shader\Geometory\QuadPS.hlsl">
      <Filter>シェーダーファイル\Geometory</Filter>
    </FxCompile>
  </ItemGroup>
  <ItemGroup>
    <None Include="Resources\shader\FBX\FBXShader.hlsli">
      <Filter>シェーダーファイル\FBX</Filter>
    </None>
    <None Include="Resources\shader\Basic\BasicShader.hlsli">
      <Filter>シェーダーファイル\Basic</Filter>
    </None>
    <None Include="Resources\shader\Sprite\SpriteShaderHeader.hlsli">
      <Filter>シェーダーファイル\Sprite</Filter>
    </None>
    <None Include="Resources\shader\Geometory\Particle.hlsli">
      <Filter>シェーダーファイル\Geometory</Filter>
    </None>
  </ItemGroup>
</Project>